
Microsoft Visual Studio Solution File, Format Version 12.00
# Visual Studio Version 17
VisualStudioVersion = 17.1.32407.343
MinimumVisualStudioVersion = 10.0.40219.1
Project("{FAE04EC0-301F-11D3-BF4B-00C04F79EFBC}") = "DemoAuthentication(MVC)", "DemoAuthentication(MVC)\DemoAuthentication(MVC).csproj", "{56784B49-F693-458B-8EA8-0DEB045E29A6}"
EndProject
Global
	GlobalSection(SolutionConfigurationPlatforms) = preSolution
		Debug|Any CPU = Debug|Any CPU
		Release|Any CPU = Release|Any CPU
	EndGlobalSection
	GlobalSection(ProjectConfigurationPlatforms) = postSolution
		{56784B49-F693-458B-8EA8-0DEB045E29A6}.Debug|Any CPU.ActiveCfg = Debug|Any CPU
		{56784B49-F693-458B-8EA8-0DEB045E29A6}.Debug|Any CPU.Build.0 = Debug|Any CPU
		{56784B49-F693-458B-8EA8-0DEB045E29A6}.Release|Any CPU.ActiveCfg = Release|Any CPU
		{56784B49-F693-458B-8EA8-0DEB045E29A6}.Release|Any CPU.Build.0 = Release|Any CPU
	EndGlobalSection
	GlobalSection(SolutionProperties) = preSolution
		HideSolutionNode = FALSE
	EndGlobalSection
	GlobalSection(ExtensibilityGlobals) = postSolution
		SolutionGuid = {2BEA9807-6DC3-43A3-9543-EE79EA6F0937}
	EndGlobalSection
EndGlobal
